
Microsoft Visual Studio Solution File, Format Version 12.00
# Visual Studio Version 18
VisualStudioVersion = 18.0.11123.170 d18.0
MinimumVisualStudioVersion = 10.0.40219.1
Project("{FAE04EC0-301F-11D3-BF4B-00C04F79EFBC}") = "MonoKits", "MonoKits\MonoKits.csproj", "{6C6F9C10-7C20-4131-A655-AB3FB72F8ED1}"
EndProject
Project("{2150E333-8FDC-42A3-9474-1A3956D46DE8}") = "Examples", "Examples", "{02EA681E-C7D8-13C7-8484-4AC65E1B71E8}"
EndProject
Project("{FAE04EC0-301F-11D3-BF4B-00C04F79EFBC}") = "Minesweeper", "Minesweeper\Minesweeper.csproj", "{EA31052A-6076-46AD-B9F1-4272E1D965ED}"
EndProject
Project("{FAE04EC0-301F-11D3-BF4B-00C04F79EFBC}") = "MonoKits.SourceGenerators", "MonoKits.SourceGenerators\MonoKits.SourceGenerators.csproj", "{4A7D1566-D568-4628-95AA-169F3292FAAA}"
EndProject
Global
	GlobalSection(SolutionConfigurationPlatforms) = preSolution
		Debug|Any CPU = Debug|Any CPU
		Release|Any CPU = Release|Any CPU
	EndGlobalSection
	GlobalSection(ProjectConfigurationPlatforms) = postSolution
		{6C6F9C10-7C20-4131-A655-AB3FB72F8ED1}.Debug|Any CPU.ActiveCfg = Debug|Any CPU
		{6C6F9C10-7C20-4131-A655-AB3FB72F8ED1}.Debug|Any CPU.Build.0 = Debug|Any CPU
		{6C6F9C10-7C20-4131-A655-AB3FB72F8ED1}.Release|Any CPU.ActiveCfg = Release|Any CPU
		{6C6F9C10-7C20-4131-A655-AB3FB72F8ED1}.Release|Any CPU.Build.0 = Release|Any CPU
		{EA31052A-6076-46AD-B9F1-4272E1D965ED}.Debug|Any CPU.ActiveCfg = Debug|Any CPU
		{EA31052A-6076-46AD-B9F1-4272E1D965ED}.Debug|Any CPU.Build.0 = Debug|Any CPU
		{EA31052A-6076-46AD-B9F1-4272E1D965ED}.Release|Any CPU.ActiveCfg = Release|Any CPU
		{EA31052A-6076-46AD-B9F1-4272E1D965ED}.Release|Any CPU.Build.0 = Release|Any CPU
		{4A7D1566-D568-4628-95AA-169F3292FAAA}.Debug|Any CPU.ActiveCfg = Debug|Any CPU
		{4A7D1566-D568-4628-95AA-169F3292FAAA}.Debug|Any CPU.Build.0 = Debug|Any CPU
		{4A7D1566-D568-4628-95AA-169F3292FAAA}.Release|Any CPU.ActiveCfg = Release|Any CPU
		{4A7D1566-D568-4628-95AA-169F3292FAAA}.Release|Any CPU.Build.0 = Release|Any CPU
	EndGlobalSection
	GlobalSection(SolutionProperties) = preSolution
		HideSolutionNode = FALSE
	EndGlobalSection
	GlobalSection(NestedProjects) = preSolution
		{EA31052A-6076-46AD-B9F1-4272E1D965ED} = {02EA681E-C7D8-13C7-8484-4AC65E1B71E8}
	EndGlobalSection
	GlobalSection(ExtensibilityGlobals) = postSolution
		SolutionGuid = {2B096F12-96AB-4C53-8E7F-5E7673A5C1F9}
	EndGlobalSection
EndGlobal
